
Microsoft Visual Studio Solution File, Format Version 12.00
# Visual Studio 15
Project("{FAE04EC0-301F-11D3-BF4B-00C04F79EFBC}") = "Assembly-CSharp", "Assembly-CSharp.csproj", "{B5E42D76-2B5E-BDFD-763F-E17E07D8891C}"
EndProject
Project("{FAE04EC0-301F-11D3-BF4B-00C04F79EFBC}") = "Assembly-CSharp-firstpass", "Assembly-CSharp-firstpass.csproj", "{FB42D86F-02A4-4EA3-FE95-8048AA159170}"
EndProject
Global
	GlobalSection(SolutionConfigurationPlatforms) = preSolution
		Debug|Any CPU = Debug|Any CPU
		Release|Any CPU = Release|Any CPU
	EndGlobalSection
	GlobalSection(ProjectConfigurationPlatforms) = postSolution
		{B5E42D76-2B5E-BDFD-763F-E17E07D8891C}.Debug|Any CPU.ActiveCfg = Debug|Any CPU
		{B5E42D76-2B5E-BDFD-763F-E17E07D8891C}.Debug|Any CPU.Build.0 = Debug|Any CPU
		{B5E42D76-2B5E-BDFD-763F-E17E07D8891C}.Release|Any CPU.ActiveCfg = Release|Any CPU
		{B5E42D76-2B5E-BDFD-763F-E17E07D8891C}.Release|Any CPU.Build.0 = Release|Any CPU
		{FB42D86F-02A4-4EA3-FE95-8048AA159170}.Debug|Any CPU.ActiveCfg = Debug|Any CPU
		{FB42D86F-02A4-4EA3-FE95-8048AA159170}.Debug|Any CPU.Build.0 = Debug|Any CPU
		{FB42D86F-02A4-4EA3-FE95-8048AA159170}.Release|Any CPU.ActiveCfg = Release|Any CPU
		{FB42D86F-02A4-4EA3-FE95-8048AA159170}.Release|Any CPU.Build.0 = Release|Any CPU
	EndGlobalSection
	GlobalSection(SolutionProperties) = preSolution
		HideSolutionNode = FALSE
	EndGlobalSection
EndGlobal
